
Microsoft Visual Studio Solution File, Format Version 12.00
# Visual Studio Version 16
VisualStudioVersion = 16.0.29911.84
MinimumVisualStudioVersion = 10.0.40219.1
Project("{FAE04EC0-301F-11D3-BF4B-00C04F79EFBC}") = "MyDEFCON_UWP.deprecated", "MyDEFCON_UWP.deprecated\MyDEFCON_UWP.deprecated.csproj", "{8ABEC2E4-A2D8-4323-9DE7-D42E62FEC479}"
EndProject
Project("{FAE04EC0-301F-11D3-BF4B-00C04F79EFBC}") = "BackgroundTask", "BackgroundTask\BackgroundTask.csproj", "{094A1694-D8C7-43BB-8AC8-E6F6B03EA4F1}"
EndProject
Project("{FAE04EC0-301F-11D3-BF4B-00C04F79EFBC}") = "Services", "Services\Services.csproj", "{D6950A90-D30C-4C9E-96AA-45FEAAD1F2C6}"
EndProject
Project("{FAE04EC0-301F-11D3-BF4B-00C04F79EFBC}") = "SocketLibrary", "DatagramLibrary\SocketLibrary.csproj", "{0B9D8150-ACBB-4E63-B485-8D48164B9816}"
EndProject
Project("{FAE04EC0-301F-11D3-BF4B-00C04F79EFBC}") = "BackgroundLibrary", "BackgroundLibrary\BackgroundLibrary.csproj", "{C1D13303-8EA5-48C4-8C58-44DAE8A7BB85}"
EndProject
Project("{FAE04EC0-301F-11D3-BF4B-00C04F79EFBC}") = "MyDEFCON_UWP", "MyDEFCON_UWP\MyDEFCON_UWP.csproj", "{33B24143-EAA3-4FED-9DB0-74946D9E0F8F}"
EndProject
Project("{9A19103F-16F7-4668-BE54-9A1E7A4F7556}") = "MyDEFCON_UWP.Core", "MyDEFCON_UWP.Core\MyDEFCON_UWP.Core.csproj", "{ED0C7D0F-BBF5-4E7E-9130-010E84E2AA5F}"
EndProject
Global
	GlobalSection(SolutionConfigurationPlatforms) = preSolution
		Debug|Any CPU = Debug|Any CPU
		Debug|ARM = Debug|ARM
		Debug|ARM64 = Debug|ARM64
		Debug|x64 = Debug|x64
		Debug|x86 = Debug|x86
		Release|Any CPU = Release|Any CPU
		Release|ARM = Release|ARM
		Release|ARM64 = Release|ARM64
		Release|x64 = Release|x64
		Release|x86 = Release|x86
	EndGlobalSection
	GlobalSection(ProjectConfigurationPlatforms) = postSolution
		{8ABEC2E4-A2D8-4323-9DE7-D42E62FEC479}.Debug|Any CPU.ActiveCfg = Debug|x86
		{8ABEC2E4-A2D8-4323-9DE7-D42E62FEC479}.Debug|ARM.ActiveCfg = Debug|ARM
		{8ABEC2E4-A2D8-4323-9DE7-D42E62FEC479}.Debug|ARM.Build.0 = Debug|ARM
		{8ABEC2E4-A2D8-4323-9DE7-D42E62FEC479}.Debug|ARM.Deploy.0 = Debug|ARM
		{8ABEC2E4-A2D8-4323-9DE7-D42E62FEC479}.Debug|ARM64.ActiveCfg = Debug|x86
		{8ABEC2E4-A2D8-4323-9DE7-D42E62FEC479}.Debug|x64.ActiveCfg = Debug|x64
		{8ABEC2E4-A2D8-4323-9DE7-D42E62FEC479}.Debug|x64.Build.0 = Debug|x64
		{8ABEC2E4-A2D8-4323-9DE7-D42E62FEC479}.Debug|x64.Deploy.0 = Debug|x64
		{8ABEC2E4-A2D8-4323-9DE7-D42E62FEC479}.Debug|x86.ActiveCfg = Debug|x86
		{8ABEC2E4-A2D8-4323-9DE7-D42E62FEC479}.Debug|x86.Build.0 = Debug|x86
		{8ABEC2E4-A2D8-4323-9DE7-D42E62FEC479}.Debug|x86.Deploy.0 = Debug|x86
		{8ABEC2E4-A2D8-4323-9DE7-D42E62FEC479}.Release|Any CPU.ActiveCfg = Release|x86
		{8ABEC2E4-A2D8-4323-9DE7-D42E62FEC479}.Release|ARM.ActiveCfg = Release|ARM
		{8ABEC2E4-A2D8-4323-9DE7-D42E62FEC479}.Release|ARM.Build.0 = Release|ARM
		{8ABEC2E4-A2D8-4323-9DE7-D42E62FEC479}.Release|ARM.Deploy.0 = Release|ARM
		{8ABEC2E4-A2D8-4323-9DE7-D42E62FEC479}.Release|ARM64.ActiveCfg = Release|x86
		{8ABEC2E4-A2D8-4323-9DE7-D42E62FEC479}.Release|x64.ActiveCfg = Release|x64
		{8ABEC2E4-A2D8-4323-9DE7-D42E62FEC479}.Release|x64.Build.0 = Release|x64
		{8ABEC2E4-A2D8-4323-9DE7-D42E62FEC479}.Release|x64.Deploy.0 = Release|x64
		{8ABEC2E4-A2D8-4323-9DE7-D42E62FEC479}.Release|x86.ActiveCfg = Release|x86
		{8ABEC2E4-A2D8-4323-9DE7-D42E62FEC479}.Release|x86.Build.0 = Release|x86
		{8ABEC2E4-A2D8-4323-9DE7-D42E62FEC479}.Release|x86.Deploy.0 = Release|x86
		{094A1694-D8C7-43BB-8AC8-E6F6B03EA4F1}.Debug|Any CPU.ActiveCfg = Debug|Any CPU
		{094A1694-D8C7-43BB-8AC8-E6F6B03EA4F1}.Debug|Any CPU.Build.0 = Debug|Any CPU
		{094A1694-D8C7-43BB-8AC8-E6F6B03EA4F1}.Debug|ARM.ActiveCfg = Debug|ARM
		{094A1694-D8C7-43BB-8AC8-E6F6B03EA4F1}.Debug|ARM.Build.0 = Debug|ARM
		{094A1694-D8C7-43BB-8AC8-E6F6B03EA4F1}.Debug|ARM64.ActiveCfg = Debug|Any CPU
		{094A1694-D8C7-43BB-8AC8-E6F6B03EA4F1}.Debug|ARM64.Build.0 = Debug|Any CPU
		{094A1694-D8C7-43BB-8AC8-E6F6B03EA4F1}.Debug|x64.ActiveCfg = Debug|x64
		{094A1694-D8C7-43BB-8AC8-E6F6B03EA4F1}.Debug|x64.Build.0 = Debug|x64
		{094A1694-D8C7-43BB-8AC8-E6F6B03EA4F1}.Debug|x86.ActiveCfg = Debug|x86
		{094A1694-D8C7-43BB-8AC8-E6F6B03EA4F1}.Debug|x86.Build.0 = Debug|x86
		{094A1694-D8C7-43BB-8AC8-E6F6B03EA4F1}.Release|Any CPU.ActiveCfg = Release|Any CPU
		{094A1694-D8C7-43BB-8AC8-E6F6B03EA4F1}.Release|Any CPU.Build.0 = Release|Any CPU
		{094A1694-D8C7-43BB-8AC8-E6F6B03EA4F1}.Release|ARM.ActiveCfg = Release|ARM
		{094A1694-D8C7-43BB-8AC8-E6F6B03EA4F1}.Release|ARM.Build.0 = Release|ARM
		{094A1694-D8C7-43BB-8AC8-E6F6B03EA4F1}.Release|ARM64.ActiveCfg = Release|Any CPU
		{094A1694-D8C7-43BB-8AC8-E6F6B03EA4F1}.Release|ARM64.Build.0 = Release|Any CPU
		{094A1694-D8C7-43BB-8AC8-E6F6B03EA4F1}.Release|x64.ActiveCfg = Release|x64
		{094A1694-D8C7-43BB-8AC8-E6F6B03EA4F1}.Release|x64.Build.0 = Release|x64
		{094A1694-D8C7-43BB-8AC8-E6F6B03EA4F1}.Release|x86.ActiveCfg = Release|x86
		{094A1694-D8C7-43BB-8AC8-E6F6B03EA4F1}.Release|x86.Build.0 = Release|x86
		{D6950A90-D30C-4C9E-96AA-45FEAAD1F2C6}.Debug|Any CPU.ActiveCfg = Debug|Any CPU
		{D6950A90-D30C-4C9E-96AA-45FEAAD1F2C6}.Debug|Any CPU.Build.0 = Debug|Any CPU
		{D6950A90-D30C-4C9E-96AA-45FEAAD1F2C6}.Debug|ARM.ActiveCfg = Debug|ARM
		{D6950A90-D30C-4C9E-96AA-45FEAAD1F2C6}.Debug|ARM.Build.0 = Debug|ARM
		{D6950A90-D30C-4C9E-96AA-45FEAAD1F2C6}.Debug|ARM64.ActiveCfg = Debug|Any CPU
		{D6950A90-D30C-4C9E-96AA-45FEAAD1F2C6}.Debug|ARM64.Build.0 = Debug|Any CPU
		{D6950A90-D30C-4C9E-96AA-45FEAAD1F2C6}.Debug|x64.ActiveCfg = Debug|x64
		{D6950A90-D30C-4C9E-96AA-45FEAAD1F2C6}.Debug|x64.Build.0 = Debug|x64
		{D6950A90-D30C-4C9E-96AA-45FEAAD1F2C6}.Debug|x86.ActiveCfg = Debug|x86
		{D6950A90-D30C-4C9E-96AA-45FEAAD1F2C6}.Debug|x86.Build.0 = Debug|x86
		{D6950A90-D30C-4C9E-96AA-45FEAAD1F2C6}.Release|Any CPU.ActiveCfg = Release|Any CPU
		{D6950A90-D30C-4C9E-96AA-45FEAAD1F2C6}.Release|Any CPU.Build.0 = Release|Any CPU
		{D6950A90-D30C-4C9E-96AA-45FEAAD1F2C6}.Release|ARM.ActiveCfg = Release|ARM
		{D6950A90-D30C-4C9E-96AA-45FEAAD1F2C6}.Release|ARM.Build.0 = Release|ARM
		{D6950A90-D30C-4C9E-96AA-45FEAAD1F2C6}.Release|ARM64.ActiveCfg = Release|Any CPU
		{D6950A90-D30C-4C9E-96AA-45FEAAD1F2C6}.Release|ARM64.Build.0 = Release|Any CPU
		{D6950A90-D30C-4C9E-96AA-45FEAAD1F2C6}.Release|x64.ActiveCfg = Release|x64
		{D6950A90-D30C-4C9E-96AA-45FEAAD1F2C6}.Release|x64.Build.0 = Release|x64
		{D6950A90-D30C-4C9E-96AA-45FEAAD1F2C6}.Release|x86.ActiveCfg = Release|x86
		{D6950A90-D30C-4C9E-96AA-45FEAAD1F2C6}.Release|x86.Build.0 = Release|x86
		{0B9D8150-ACBB-4E63-B485-8D48164B9816}.Debug|Any CPU.ActiveCfg = Debug|Any CPU
		{0B9D8150-ACBB-4E63-B485-8D48164B9816}.Debug|Any CPU.Build.0 = Debug|Any CPU
		{0B9D8150-ACBB-4E63-B485-8D48164B9816}.Debug|ARM.ActiveCfg = Debug|ARM
		{0B9D8150-ACBB-4E63-B485-8D48164B9816}.Debug|ARM.Build.0 = Debug|ARM
		{0B9D8150-ACBB-4E63-B485-8D48164B9816}.Debug|ARM64.ActiveCfg = Debug|Any CPU
		{0B9D8150-ACBB-4E63-B485-8D48164B9816}.Debug|ARM64.Build.0 = Debug|Any CPU
		{0B9D8150-ACBB-4E63-B485-8D48164B9816}.Debug|x64.ActiveCfg = Debug|x64
		{0B9D8150-ACBB-4E63-B485-8D48164B9816}.Debug|x64.Build.0 = Debug|x64
		{0B9D8150-ACBB-4E63-B485-8D48164B9816}.Debug|x86.ActiveCfg = Debug|x86
		{0B9D8150-ACBB-4E63-B485-8D48164B9816}.Debug|x86.Build.0 = Debug|x86
		{0B9D8150-ACBB-4E63-B485-8D48164B9816}.Release|Any CPU.ActiveCfg = Release|Any CPU
		{0B9D8150-ACBB-4E63-B485-8D48164B9816}.Release|Any CPU.Build.0 = Release|Any CPU
		{0B9D8150-ACBB-4E63-B485-8D48164B9816}.Release|ARM.ActiveCfg = Release|ARM
		{0B9D8150-ACBB-4E63-B485-8D48164B9816}.Release|ARM.Build.0 = Release|ARM
		{0B9D8150-ACBB-4E63-B485-8D48164B9816}.Release|ARM64.ActiveCfg = Release|Any CPU
		{0B9D8150-ACBB-4E63-B485-8D48164B9816}.Release|ARM64.Build.0 = Release|Any CPU
		{0B9D8150-ACBB-4E63-B485-8D48164B9816}.Release|x64.ActiveCfg = Release|x64
		{0B9D8150-ACBB-4E63-B485-8D48164B9816}.Release|x64.Build.0 = Release|x64
		{0B9D8150-ACBB-4E63-B485-8D48164B9816}.Release|x86.ActiveCfg = Release|x86
		{0B9D8150-ACBB-4E63-B485-8D48164B9816}.Release|x86.Build.0 = Release|x86
		{C1D13303-8EA5-48C4-8C58-44DAE8A7BB85}.Debug|Any CPU.ActiveCfg = Debug|Any CPU
		{C1D13303-8EA5-48C4-8C58-44DAE8A7BB85}.Debug|Any CPU.Build.0 = Debug|Any CPU
		{C1D13303-8EA5-48C4-8C58-44DAE8A7BB85}.Debug|ARM.ActiveCfg = Debug|ARM
		{C1D13303-8EA5-48C4-8C58-44DAE8A7BB85}.Debug|ARM.Build.0 = Debug|ARM
		{C1D13303-8EA5-48C4-8C58-44DAE8A7BB85}.Debug|ARM64.ActiveCfg = Debug|Any CPU
		{C1D13303-8EA5-48C4-8C58-44DAE8A7BB85}.Debug|ARM64.Build.0 = Debug|Any CPU
		{C1D13303-8EA5-48C4-8C58-44DAE8A7BB85}.Debug|x64.ActiveCfg = Debug|x64
		{C1D13303-8EA5-48C4-8C58-44DAE8A7BB85}.Debug|x64.Build.0 = Debug|x64
		{C1D13303-8EA5-48C4-8C58-44DAE8A7BB85}.Debug|x86.ActiveCfg = Debug|x86
		{C1D13303-8EA5-48C4-8C58-44DAE8A7BB85}.Debug|x86.Build.0 = Debug|x86
		{C1D13303-8EA5-48C4-8C58-44DAE8A7BB85}.Release|Any CPU.ActiveCfg = Release|Any CPU
		{C1D13303-8EA5-48C4-8C58-44DAE8A7BB85}.Release|Any CPU.Build.0 = Release|Any CPU
		{C1D13303-8EA5-48C4-8C58-44DAE8A7BB85}.Release|ARM.ActiveCfg = Release|ARM
		{C1D13303-8EA5-48C4-8C58-44DAE8A7BB85}.Release|ARM.Build.0 = Release|ARM
		{C1D13303-8EA5-48C4-8C58-44DAE8A7BB85}.Release|ARM64.ActiveCfg = Release|Any CPU
		{C1D13303-8EA5-48C4-8C58-44DAE8A7BB85}.Release|ARM64.Build.0 = Release|Any CPU
		{C1D13303-8EA5-48C4-8C58-44DAE8A7BB85}.Release|x64.ActiveCfg = Release|x64
		{C1D13303-8EA5-48C4-8C58-44DAE8A7BB85}.Release|x64.Build.0 = Release|x64
		{C1D13303-8EA5-48C4-8C58-44DAE8A7BB85}.Release|x86.ActiveCfg = Release|x86
		{C1D13303-8EA5-48C4-8C58-44DAE8A7BB85}.Release|x86.Build.0 = Release|x86
		{33B24143-EAA3-4FED-9DB0-74946D9E0F8F}.Debug|Any CPU.ActiveCfg = Debug|x86
		{33B24143-EAA3-4FED-9DB0-74946D9E0F8F}.Debug|ARM.ActiveCfg = Debug|ARM
		{33B24143-EAA3-4FED-9DB0-74946D9E0F8F}.Debug|ARM.Build.0 = Debug|ARM
		{33B24143-EAA3-4FED-9DB0-74946D9E0F8F}.Debug|ARM.Deploy.0 = Debug|ARM
		{33B24143-EAA3-4FED-9DB0-74946D9E0F8F}.Debug|ARM64.ActiveCfg = Debug|ARM64
		{33B24143-EAA3-4FED-9DB0-74946D9E0F8F}.Debug|ARM64.Build.0 = Debug|ARM64
		{33B24143-EAA3-4FED-9DB0-74946D9E0F8F}.Debug|ARM64.Deploy.0 = Debug|ARM64
		{33B24143-EAA3-4FED-9DB0-74946D9E0F8F}.Debug|x64.ActiveCfg = Debug|x64
		{33B24143-EAA3-4FED-9DB0-74946D9E0F8F}.Debug|x64.Build.0 = Debug|x64
		{33B24143-EAA3-4FED-9DB0-74946D9E0F8F}.Debug|x64.Deploy.0 = Debug|x64
		{33B24143-EAA3-4FED-9DB0-74946D9E0F8F}.Debug|x86.ActiveCfg = Debug|x86
		{33B24143-EAA3-4FED-9DB0-74946D9E0F8F}.Debug|x86.Build.0 = Debug|x86
		{33B24143-EAA3-4FED-9DB0-74946D9E0F8F}.Debug|x86.Deploy.0 = Debug|x86
		{33B24143-EAA3-4FED-9DB0-74946D9E0F8F}.Release|Any CPU.ActiveCfg = Release|x86
		{33B24143-EAA3-4FED-9DB0-74946D9E0F8F}.Release|ARM.ActiveCfg = Release|ARM
		{33B24143-EAA3-4FED-9DB0-74946D9E0F8F}.Release|ARM.Build.0 = Release|ARM
		{33B24143-EAA3-4FED-9DB0-74946D9E0F8F}.Release|ARM.Deploy.0 = Release|ARM
		{33B24143-EAA3-4FED-9DB0-74946D9E0F8F}.Release|ARM64.ActiveCfg = Release|ARM64
		{33B24143-EAA3-4FED-9DB0-74946D9E0F8F}.Release|ARM64.Build.0 = Release|ARM64
		{33B24143-EAA3-4FED-9DB0-74946D9E0F8F}.Release|ARM64.Deploy.0 = Release|ARM64
		{33B24143-EAA3-4FED-9DB0-74946D9E0F8F}.Release|x64.ActiveCfg = Release|x64
		{33B24143-EAA3-4FED-9DB0-74946D9E0F8F}.Release|x64.Build.0 = Release|x64
		{33B24143-EAA3-4FED-9DB0-74946D9E0F8F}.Release|x64.Deploy.0 = Release|x64
		{33B24143-EAA3-4FED-9DB0-74946D9E0F8F}.Release|x86.ActiveCfg = Release|x86
		{33B24143-EAA3-4FED-9DB0-74946D9E0F8F}.Release|x86.Build.0 = Release|x86
		{33B24143-EAA3-4FED-9DB0-74946D9E0F8F}.Release|x86.Deploy.0 = Release|x86
		{ED0C7D0F-BBF5-4E7E-9130-010E84E2AA5F}.Debug|Any CPU.ActiveCfg = Debug|Any CPU
		{ED0C7D0F-BBF5-4E7E-9130-010E84E2AA5F}.Debug|Any CPU.Build.0 = Debug|Any CPU
		{ED0C7D0F-BBF5-4E7E-9130-010E84E2AA5F}.Debug|ARM.ActiveCfg = Debug|Any CPU
		{ED0C7D0F-BBF5-4E7E-9130-010E84E2AA5F}.Debug|ARM.Build.0 = Debug|Any CPU
		{ED0C7D0F-BBF5-4E7E-9130-010E84E2AA5F}.Debug|ARM64.ActiveCfg = Debug|Any CPU
		{ED0C7D0F-BBF5-4E7E-9130-010E84E2AA5F}.Debug|ARM64.Build.0 = Debug|Any CPU
		{ED0C7D0F-BBF5-4E7E-9130-010E84E2AA5F}.Debug|x64.ActiveCfg = Debug|Any CPU
		{ED0C7D0F-BBF5-4E7E-9130-010E84E2AA5F}.Debug|x64.Build.0 = Debug|Any CPU
		{ED0C7D0F-BBF5-4E7E-9130-010E84E2AA5F}.Debug|x86.ActiveCfg = Debug|Any CPU
		{ED0C7D0F-BBF5-4E7E-9130-010E84E2AA5F}.Debug|x86.Build.0 = Debug|Any CPU
		{ED0C7D0F-BBF5-4E7E-9130-010E84E2AA5F}.Release|Any CPU.ActiveCfg = Release|Any CPU
		{ED0C7D0F-BBF5-4E7E-9130-010E84E2AA5F}.Release|Any CPU.Build.0 = Release|Any CPU
		{ED0C7D0F-BBF5-4E7E-9130-010E84E2AA5F}.Release|ARM.ActiveCfg = Release|Any CPU
		{ED0C7D0F-BBF5-4E7E-9130-010E84E2AA5F}.Release|ARM.Build.0 = Release|Any CPU
		{ED0C7D0F-BBF5-4E7E-9130-010E84E2AA5F}.Release|ARM64.ActiveCfg = Release|Any CPU
		{ED0C7D0F-BBF5-4E7E-9130-010E84E2AA5F}.Release|ARM64.Build.0 = Release|Any CPU
		{ED0C7D0F-BBF5-4E7E-9130-010E84E2AA5F}.Release|x64.ActiveCfg = Release|Any CPU
		{ED0C7D0F-BBF5-4E7E-9130-010E84E2AA5F}.Release|x64.Build.0 = Release|Any CPU
		{ED0C7D0F-BBF5-4E7E-9130-010E84E2AA5F}.Release|x86.ActiveCfg = Release|Any CPU
		{ED0C7D0F-BBF5-4E7E-9130-010E84E2AA5F}.Release|x86.Build.0 = Release|Any CPU
	EndGlobalSection
	GlobalSection(SolutionProperties) = preSolution
		HideSolutionNode = FALSE
	EndGlobalSection
	GlobalSection(ExtensibilityGlobals) = postSolution
		SolutionGuid = {4AC7E06F-4DC7-4DE9-BCAF-10BFEFBE5F2F}
	EndGlobalSection
EndGlobal
